PODS:
  - Bolts (1.1.5):
    - Bolts/AppLinks (= 1.1.5)
    - Bolts/Tasks (= 1.1.5)
  - Bolts/AppLinks (1.1.5):
    - Bolts/Tasks
  - Bolts/Tasks (1.1.5)
  - FBSDKCoreKit (4.2.0):
    - Bolts (~> 1.1)
    - FBSDKCoreKit/arc (= 4.2.0)
    - FBSDKCoreKit/no-arc (= 4.2.0)
  - FBSDKCoreKit/arc (4.2.0):
    - Bolts (~> 1.1)
  - FBSDKCoreKit/no-arc (4.2.0):
    - Bolts (~> 1.1)
    - FBSDKCoreKit/arc
  - FBSDKLoginKit (4.2.0):
    - FBSDKCoreKit
  - MarqueeLabel (2.2.4)
  - MGSwipeTableCell (1.4.3)

DEPENDENCIES:
  - FBSDKCoreKit (~> 4.2)
  - FBSDKLoginKit (~> 4.2)
  - MarqueeLabel (~> 2.2)
  - MGSwipeTableCell (~> 1.4)

SPEC CHECKSUMS:
  Bolts: aac24961496d504aa56fc267cde95162a71bac39
  FBSDKCoreKit: 84b3616a361801f190e43a9909caead7bb6087c7
  FBSDKLoginKit: 57e37106af12c9e264e473dcb75d7decdbb07fe4
  MarqueeLabel: 615576825a3087f1d1c15449fef52e00ff59dfd9
  MGSwipeTableCell: cb9805df3cc5cad75ad43a5c1eb424be0316f0bf

COCOAPODS: 0.35.0
