// !$*UTF8*$!
{
	archiveVersion = 1;
	classes = {
	};
	objectVersion = 46;
	objects = {

/* Begin PBXBuildFile section */
		D24879DC1B18B74B008BB8E3 /* AppDelegate.swift in Sources */ = {isa = PBXBuildFile; fileRef = D24879DB1B18B74B008BB8E3 /* AppDelegate.swift */; };
		D24879E31B18B74C008BB8E3 /* Main.storyboard in Resources */ = {isa = PBXBuildFile; fileRef = D24879E11B18B74C008BB8E3 /* Main.storyboard */; };
		D24879E51B18B74C008BB8E3 /* Images.xcassets in Resources */ = {isa = PBXBuildFile; fileRef = D24879E41B18B74C008BB8E3 /* Images.xcassets */; };
		D24879E81B18B74C008BB8E3 /* LaunchScreen.xib in Resources */ = {isa = PBXBuildFile; fileRef = D24879E61B18B74C008BB8E3 /* LaunchScreen.xib */; };
		D24879F41B18B74C008BB8E3 /* DemocraticJukeboxTests.swift in Sources */ = {isa = PBXBuildFile; fileRef = D24879F31B18B74C008BB8E3 /* DemocraticJukeboxTests.swift */; };
		D24879FE1B18BC05008BB8E3 /* LoginViewController.swift in Sources */ = {isa = PBXBuildFile; fileRef = D24879FD1B18BC05008BB8E3 /* LoginViewController.swift */; };
		D8FF28996FA2E3E17303F4CE /* libPods.a in Frameworks */ = {isa = PBXBuildFile; fileRef = B9FB9556014DAD996E8D6F49 /* libPods.a */; };
/* End PBXBuildFile section */

/* Begin PBXContainerItemProxy section */
		D24879EE1B18B74C008BB8E3 /* PBXContainerItemProxy */ = {
			isa = PBXContainerItemProxy;
			containerPortal = D24879CE1B18B74B008BB8E3 /* Project object */;
			proxyType = 1;
			remoteGlobalIDString = D24879D51B18B74B008BB8E3;
			remoteInfo = DemocraticJukebox;
		};
/* End PBXContainerItemProxy section */

/* Begin PBXFileReference section */
		4D35B33EECB7FD4C629303D7 /* Pods.debug.xcconfig */ = {isa = PBXFileReference; includeInIndex = 1; lastKnownFileType = text.xcconfig; name = Pods.debug.xcconfig; path = "Pods/Target Support Files/Pods/Pods.debug.xcconfig"; sourceTree = "<group>"; };
		6B13FEBC2419E8A51AE4B780 /* Pods.release.xcconfig */ = {isa = PBXFileReference; includeInIndex = 1; lastKnownFileType = text.xcconfig; name = Pods.release.xcconfig; path = "Pods/Target Support Files/Pods/Pods.release.xcconfig"; sourceTree = "<group>"; };
		B9FB9556014DAD996E8D6F49 /* libPods.a */ = {isa = PBXFileReference; explicitFileType = archive.ar; includeInIndex = 0; path = libPods.a; sourceTree = BUILT_PRODUCTS_DIR; };
		D24879D61B18B74B008BB8E3 /* DemocraticJukebox.app */ = {isa = PBXFileReference; explicitFileType = wrapper.application; includeInIndex = 0; path = DemocraticJukebox.app; sourceTree = BUILT_PRODUCTS_DIR; };
		D24879DA1B18B74B008BB8E3 /* Info.plist */ = {isa = PBXFileReference; lastKnownFileType = text.plist.xml; path = Info.plist; sourceTree = "<group>"; };
		D24879DB1B18B74B008BB8E3 /* AppDelegate.swift */ = {isa = PBXFileReference; lastKnownFileType = sourcecode.swift; path = AppDelegate.swift; sourceTree = "<group>"; };
		D24879E21B18B74C008BB8E3 /* Base */ = {isa = PBXFileReference; lastKnownFileType = file.storyboard; name = Base; path = Base.lproj/Main.storyboard; sourceTree = "<group>"; };
		D24879E41B18B74C008BB8E3 /* Images.xcassets */ = {isa = PBXFileReference; lastKnownFileType = folder.assetcatalog; path = Images.xcassets; sourceTree = "<group>"; };
		D24879E71B18B74C008BB8E3 /* Base */ = {isa = PBXFileReference; lastKnownFileType = file.xib; name = Base; path = Base.lproj/LaunchScreen.xib; sourceTree = "<group>"; };
		D24879ED1B18B74C008BB8E3 /* DemocraticJukeboxTests.xctest */ = {isa = PBXFileReference; explicitFileType = wrapper.cfbundle; includeInIndex = 0; path = DemocraticJukeboxTests.xctest; sourceTree = BUILT_PRODUCTS_DIR; };
		D24879F21B18B74C008BB8E3 /* Info.plist */ = {isa = PBXFileReference; lastKnownFileType = text.plist.xml; path = Info.plist; sourceTree = "<group>"; };
		D24879F31B18B74C008BB8E3 /* DemocraticJukeboxTests.swift */ = {isa = PBXFileReference; lastKnownFileType = sourcecode.swift; path = DemocraticJukeboxTests.swift; sourceTree = "<group>"; };
		D24879FD1B18BC05008BB8E3 /* LoginViewController.swift */ = {isa = PBXFileReference; fileEncoding = 4; lastKnownFileType = sourcecode.swift; path = LoginViewController.swift; sourceTree = "<group>"; };
		D24879FF1B18BC37008BB8E3 /* DemocraticJukebox-Bridging-Header.h */ = {isa = PBXFileReference; lastKnownFileType = sourcecode.c.h; path = "DemocraticJukebox-Bridging-Header.h"; sourceTree = "<group>"; };
/* End PBXFileReference section */

/* Begin PBXFrameworksBuildPhase section */
		D24879D31B18B74B008BB8E3 /* Frameworks */ = {
			isa = PBXFrameworksBuildPhase;
			buildActionMask = 2147483647;
			files = (
				D8FF28996FA2E3E17303F4CE /* libPods.a in Frameworks */,
			);
			runOnlyForDeploymentPostprocessing = 0;
		};
		D24879EA1B18B74C008BB8E3 /* Frameworks */ = {
			isa = PBXFrameworksBuildPhase;
			buildActionMask = 2147483647;
			files = (
			);
			runOnlyForDeploymentPostprocessing = 0;
		};
/* End PBXFrameworksBuildPhase section */

/* Begin PBXGroup section */
		A2D36B2DC299E448A835FDF7 /* Pods */ = {
			isa = PBXGroup;
			children = (
				4D35B33EECB7FD4C629303D7 /* Pods.debug.xcconfig */,
				6B13FEBC2419E8A51AE4B780 /* Pods.release.xcconfig */,
			);
			name = Pods;
			sourceTree = "<group>";
		};
		D24879CD1B18B74B008BB8E3 = {
			isa = PBXGroup;
			children = (
				D24879D81B18B74B008BB8E3 /* DemocraticJukebox */,
				D24879F01B18B74C008BB8E3 /* DemocraticJukeboxTests */,
				D2487A021B18BC9C008BB8E3 /* Frameworks */,
				D24879D71B18B74B008BB8E3 /* Products */,
				A2D36B2DC299E448A835FDF7 /* Pods */,
			);
			sourceTree = "<group>";
		};
		D24879D71B18B74B008BB8E3 /* Products */ = {
			isa = PBXGroup;
			children = (
				D24879D61B18B74B008BB8E3 /* DemocraticJukebox.app */,
				D24879ED1B18B74C008BB8E3 /* DemocraticJukeboxTests.xctest */,
			);
			name = Products;
			sourceTree = "<group>";
		};
		D24879D81B18B74B008BB8E3 /* DemocraticJukebox */ = {
			isa = PBXGroup;
			children = (
				D24879DB1B18B74B008BB8E3 /* AppDelegate.swift */,
				D24879FD1B18BC05008BB8E3 /* LoginViewController.swift */,
				D24879E11B18B74C008BB8E3 /* Main.storyboard */,
				D24879D91B18B74B008BB8E3 /* Supporting Files */,
			);
			path = DemocraticJukebox;
			sourceTree = "<group>";
		};
		D24879D91B18B74B008BB8E3 /* Supporting Files */ = {
			isa = PBXGroup;
			children = (
				D24879E41B18B74C008BB8E3 /* Images.xcassets */,
				D24879E61B18B74C008BB8E3 /* LaunchScreen.xib */,
				D24879DA1B18B74B008BB8E3 /* Info.plist */,
				D24879FF1B18BC37008BB8E3 /* DemocraticJukebox-Bridging-Header.h */,
			);
			name = "Supporting Files";
			sourceTree = "<group>";
		};
		D24879F01B18B74C008BB8E3 /* DemocraticJukeboxTests */ = {
			isa = PBXGroup;
			children = (
				D24879F31B18B74C008BB8E3 /* DemocraticJukeboxTests.swift */,
				D24879F11B18B74C008BB8E3 /* Supporting Files */,
			);
			path = DemocraticJukeboxTests;
			sourceTree = "<group>";
		};
		D24879F11B18B74C008BB8E3 /* Supporting Files */ = {
			isa = PBXGroup;
			children = (
				D24879F21B18B74C008BB8E3 /* Info.plist */,
			);
			name = "Supporting Files";
			sourceTree = "<group>";
		};
		D2487A021B18BC9C008BB8E3 /* Frameworks */ = {
			isa = PBXGroup;
			children = (
				B9FB9556014DAD996E8D6F49 /* libPods.a */,
			);
			name = Frameworks;
			sourceTree = "<group>";
		};
/* End PBXGroup section */

/* Begin PBXNativeTarget section */
		D24879D51B18B74B008BB8E3 /* DemocraticJukebox */ = {
			isa = PBXNativeTarget;
			buildConfigurationList = D24879F71B18B74C008BB8E3 /* Build configuration list for PBXNativeTarget "DemocraticJukebox" */;
			buildPhases = (
				B42D5A96CD07EAADCE638C84 /* Check Pods Manifest.lock */,
				D24879D21B18B74B008BB8E3 /* Sources */,
				D24879D31B18B74B008BB8E3 /* Frameworks */,
				D24879D41B18B74B008BB8E3 /* Resources */,
				C2E963C698FE16379A9AE2AB /* Copy Pods Resources */,
			);
			buildRules = (
			);
			dependencies = (
			);
			name = DemocraticJukebox;
			productName = DemocraticJukebox;
			productReference = D24879D61B18B74B008BB8E3 /* DemocraticJukebox.app */;
			productType = "com.apple.product-type.application";
		};
		D24879EC1B18B74C008BB8E3 /* DemocraticJukeboxTests */ = {
			isa = PBXNativeTarget;
			buildConfigurationList = D24879FA1B18B74C008BB8E3 /* Build configuration list for PBXNativeTarget "DemocraticJukeboxTests" */;
			buildPhases = (
				D24879E91B18B74C008BB8E3 /* Sources */,
				D24879EA1B18B74C008BB8E3 /* Frameworks */,
				D24879EB1B18B74C008BB8E3 /* Resources */,
			);
			buildRules = (
			);
			dependencies = (
				D24879EF1B18B74C008BB8E3 /* PBXTargetDependency */,
			);
			name = DemocraticJukeboxTests;
			productName = DemocraticJukeboxTests;
			productReference = D24879ED1B18B74C008BB8E3 /* DemocraticJukeboxTests.xctest */;
			productType = "com.apple.product-type.bundle.unit-test";
		};
/* End PBXNativeTarget section */

/* Begin PBXProject section */
		D24879CE1B18B74B008BB8E3 /* Project object */ = {
			isa = PBXProject;
			attributes = {
				LastUpgradeCheck = 0630;
				ORGANIZATIONNAME = Jukebox;
				TargetAttributes = {
					D24879D51B18B74B008BB8E3 = {
						CreatedOnToolsVersion = 6.3.2;
					};
					D24879EC1B18B74C008BB8E3 = {
						CreatedOnToolsVersion = 6.3.2;
						TestTargetID = D24879D51B18B74B008BB8E3;
					};
				};
			};
			buildConfigurationList = D24879D11B18B74B008BB8E3 /* Build configuration list for PBXProject "DemocraticJukebox" */;
			compatibilityVersion = "Xcode 3.2";
			developmentRegion = English;
			hasScannedForEncodings = 0;
			knownRegions = (
				en,
				Base,
			);
			mainGroup = D24879CD1B18B74B008BB8E3;
			productRefGroup = D24879D71B18B74B008BB8E3 /* Products */;
			projectDirPath = "";
			projectRoot = "";
			targets = (
				D24879D51B18B74B008BB8E3 /* DemocraticJukebox */,
				D24879EC1B18B74C008BB8E3 /* DemocraticJukeboxTests */,
			);
		};
/* End PBXProject section */

/* Begin PBXResourcesBuildPhase section */
		D24879D41B18B74B008BB8E3 /* Resources */ = {
			isa = PBXResourcesBuildPhase;
			buildActionMask = 2147483647;
			files = (
				D24879E31B18B74C008BB8E3 /* Main.storyboard in Resources */,
				D24879E81B18B74C008BB8E3 /* LaunchScreen.xib in Resources */,
				D24879E51B18B74C008BB8E3 /* Images.xcassets in Resources */,
			);
			runOnlyForDeploymentPostprocessing = 0;
		};
		D24879EB1B18B74C008BB8E3 /* Resources */ = {
			isa = PBXResourcesBuildPhase;
			buildActionMask = 2147483647;
			files = (
			);
			runOnlyForDeploymentPostprocessing = 0;
		};
/* End PBXResourcesBuildPhase section */

/* Begin PBXShellScriptBuildPhase section */
		B42D5A96CD07EAADCE638C84 /* Check Pods Manifest.lock */ = {
			isa = PBXShellScriptBuildPhase;
			buildActionMask = 2147483647;
			files = (
			);
			inputPaths = (
			);
			name = "Check Pods Manifest.lock";
			outputPaths = (
			);
			runOnlyForDeploymentPostprocessing = 0;
			shellPath = /bin/sh;
			shellScript = "diff \"${PODS_ROOT}/../Podfile.lock\" \"${PODS_ROOT}/Manifest.lock\" > /dev/null\nif [[ $? != 0 ]] ; then\n    cat << EOM\nerror: The sandbox is not in sync with the Podfile.lock. Run 'pod install' or update your CocoaPods installation.\nEOM\n    exit 1\nfi\n";
			showEnvVarsInLog = 0;
		};
		C2E963C698FE16379A9AE2AB /* Copy Pods Resources */ = {
			isa = PBXShellScriptBuildPhase;
			buildActionMask = 2147483647;
			files = (
			);
			inputPaths = (
			);
			name = "Copy Pods Resources";
			outputPaths = (
			);
			runOnlyForDeploymentPostprocessing = 0;
			shellPath = /bin/sh;
			shellScript = "\"${SRCROOT}/Pods/Target Support Files/Pods/Pods-resources.sh\"\n";
			showEnvVarsInLog = 0;
		};
/* End PBXShellScriptBuildPhase section */

/* Begin PBXSourcesBuildPhase section */
		D24879D21B18B74B008BB8E3 /* Sources */ = {
			isa = PBXSourcesBuildPhase;
			buildActionMask = 2147483647;
			files = (
				D24879FE1B18BC05008BB8E3 /* LoginViewController.swift in Sources */,
				D24879DC1B18B74B008BB8E3 /* AppDelegate.swift in Sources */,
			);
			runOnlyForDeploymentPostprocessing = 0;
		};
		D24879E91B18B74C008BB8E3 /* Sources */ = {
			isa = PBXSourcesBuildPhase;
			buildActionMask = 2147483647;
			files = (
				D24879F41B18B74C008BB8E3 /* DemocraticJukeboxTests.swift in Sources */,
			);
			runOnlyForDeploymentPostprocessing = 0;
		};
/* End PBXSourcesBuildPhase section */

/* Begin PBXTargetDependency section */
		D24879EF1B18B74C008BB8E3 /* PBXTargetDependency */ = {
			isa = PBXTargetDependency;
			target = D24879D51B18B74B008BB8E3 /* DemocraticJukebox */;
			targetProxy = D24879EE1B18B74C008BB8E3 /* PBXContainerItemProxy */;
		};
/* End PBXTargetDependency section */

/* Begin PBXVariantGroup section */
		D24879E11B18B74C008BB8E3 /* Main.storyboard */ = {
			isa = PBXVariantGroup;
			children = (
				D24879E21B18B74C008BB8E3 /* Base */,
			);
			name = Main.storyboard;
			sourceTree = "<group>";
		};
		D24879E61B18B74C008BB8E3 /* LaunchScreen.xib */ = {
			isa = PBXVariantGroup;
			children = (
				D24879E71B18B74C008BB8E3 /* Base */,
			);
			name = LaunchScreen.xib;
			sourceTree = "<group>";
		};
/* End PBXVariantGroup section */

/* Begin XCBuildConfiguration section */
		D24879F51B18B74C008BB8E3 /* Debug */ = {
			isa = XCBuildConfiguration;
			buildSettings = {
				ALWAYS_SEARCH_USER_PATHS = NO;
				CLANG_CXX_LANGUAGE_STANDARD = "gnu++0x";
				CLANG_CXX_LIBRARY = "libc++";
				CLANG_ENABLE_MODULES = YES;
				CLANG_ENABLE_OBJC_ARC = YES;
				CLANG_WARN_BOOL_CONVERSION = YES;
				CLANG_WARN_CONSTANT_CONVERSION = YES;
				CLANG_WARN_DIRECT_OBJC_ISA_USAGE = YES_ERROR;
				CLANG_WARN_EMPTY_BODY = YES;
				CLANG_WARN_ENUM_CONVERSION = YES;
				CLANG_WARN_INT_CONVERSION = YES;
				CLANG_WARN_OBJC_ROOT_CLASS = YES_ERROR;
				CLANG_WARN_UNREACHABLE_CODE = YES;
				CLANG_WARN__DUPLICATE_METHOD_MATCH = YES;
				"CODE_SIGN_IDENTITY[sdk=iphoneos*]" = "iPhone Developer";
				COPY_PHASE_STRIP = NO;
				DEBUG_INFORMATION_FORMAT = "dwarf-with-dsym";
				ENABLE_STRICT_OBJC_MSGSEND = YES;
				GCC_C_LANGUAGE_STANDARD = gnu99;
				GCC_DYNAMIC_NO_PIC = NO;
				GCC_NO_COMMON_BLOCKS = YES;
				GCC_OPTIMIZATION_LEVEL = 0;
				GCC_PREPROCESSOR_DEFINITIONS = (
					"DEBUG=1",
					"$(inherited)",
				);
				GCC_SYMBOLS_PRIVATE_EXTERN = NO;
				GCC_WARN_64_TO_32_BIT_CONVERSION = YES;
				GCC_WARN_ABOUT_RETURN_TYPE = YES_ERROR;
				GCC_WARN_UNDECLARED_SELECTOR = YES;
				GCC_WARN_UNINITIALIZED_AUTOS = YES_AGGRESSIVE;
				GCC_WARN_UNUSED_FUNCTION = YES;
				GCC_WARN_UNUSED_VARIABLE = YES;
				IPHONEOS_DEPLOYMENT_TARGET = 8.3;
				MTL_ENABLE_DEBUG_INFO = YES;
				ONLY_ACTIVE_ARCH = YES;
				SDKROOT = iphoneos;
				SWIFT_OPTIMIZATION_LEVEL = "-Onone";
			};
			name = Debug;
		};
		D24879F61B18B74C008BB8E3 /* Release */ = {
			isa = XCBuildConfiguration;
			buildSettings = {
				ALWAYS_SEARCH_USER_PATHS = NO;
				CLANG_CXX_LANGUAGE_STANDARD = "gnu++0x";
				CLANG_CXX_LIBRARY = "libc++";
				CLANG_ENABLE_MODULES = YES;
				CLANG_ENABLE_OBJC_ARC = YES;
				CLANG_WARN_BOOL_CONVERSION = YES;
				CLANG_WARN_CONSTANT_CONVERSION = YES;
				CLANG_WARN_DIRECT_OBJC_ISA_USAGE = YES_ERROR;
				CLANG_WARN_EMPTY_BODY = YES;
				CLANG_WARN_ENUM_CONVERSION = YES;
				CLANG_WARN_INT_CONVERSION = YES;
				CLANG_WARN_OBJC_ROOT_CLASS = YES_ERROR;
				CLANG_WARN_UNREACHABLE_CODE = YES;
				CLANG_WARN__DUPLICATE_METHOD_MATCH = YES;
				"CODE_SIGN_IDENTITY[sdk=iphoneos*]" = "iPhone Developer";
				COPY_PHASE_STRIP = NO;
				DEBUG_INFORMATION_FORMAT = "dwarf-with-dsym";
				ENABLE_NS_ASSERTIONS = NO;
				ENABLE_STRICT_OBJC_MSGSEND = YES;
				GCC_C_LANGUAGE_STANDARD = gnu99;
				GCC_NO_COMMON_BLOCKS = YES;
				GCC_WARN_64_TO_32_BIT_CONVERSION = YES;
				GCC_WARN_ABOUT_RETURN_TYPE = YES_ERROR;
				GCC_WARN_UNDECLARED_SELECTOR = YES;
				GCC_WARN_UNINITIALIZED_AUTOS = YES_AGGRESSIVE;
				GCC_WARN_UNUSED_FUNCTION = YES;
				GCC_WARN_UNUSED_VARIABLE = YES;
				IPHONEOS_DEPLOYMENT_TARGET = 8.3;
				MTL_ENABLE_DEBUG_INFO = NO;
				SDKROOT = iphoneos;
				VALIDATE_PRODUCT = YES;
			};
			name = Release;
		};
		D24879F81B18B74C008BB8E3 /* Debug */ = {
			isa = XCBuildConfiguration;
			baseConfigurationReference = 4D35B33EECB7FD4C629303D7 /* Pods.debug.xcconfig */;
			buildSettings = {
				ASSETCATALOG_COMPILER_APPICON_NAME = AppIcon;
				INFOPLIST_FILE = DemocraticJukebox/Info.plist;
				LD_RUNPATH_SEARCH_PATHS = "$(inherited) @executable_path/Frameworks";
				PRODUCT_NAME = "$(TARGET_NAME)";
				SWIFT_OBJC_BRIDGING_HEADER = "$SRCROOT/DemocraticJukebox/DemocraticJukebox-Bridging-Header.h";
			};
			name = Debug;
		};
		D24879F91B18B74C008BB8E3 /* Release */ = {
			isa = XCBuildConfiguration;
			baseConfigurationReference = 6B13FEBC2419E8A51AE4B780 /* Pods.release.xcconfig */;
			buildSettings = {
				ASSETCATALOG_COMPILER_APPICON_NAME = AppIcon;
				INFOPLIST_FILE = DemocraticJukebox/Info.plist;
				LD_RUNPATH_SEARCH_PATHS = "$(inherited) @executable_path/Frameworks";
				PRODUCT_NAME = "$(TARGET_NAME)";
				SWIFT_OBJC_BRIDGING_HEADER = "$SRCROOT/DemocraticJukebox/DemocraticJukebox-Bridging-Header.h";
			};
			name = Release;
		};
		D24879FB1B18B74C008BB8E3 /* Debug */ = {
			isa = XCBuildConfiguration;
			buildSettings = {
				BUNDLE_LOADER = "$(TEST_HOST)";
				FRAMEWORK_SEARCH_PATHS = (
					"$(SDKROOT)/Developer/Library/Frameworks",
					"$(inherited)",
				);
				GCC_PREPROCESSOR_DEFINITIONS = (
					"DEBUG=1",
					"$(inherited)",
				);
				INFOPLIST_FILE = DemocraticJukeboxTests/Info.plist;
				LD_RUNPATH_SEARCH_PATHS = "$(inherited) @executable_path/Frameworks @loader_path/Frameworks";
				PRODUCT_NAME = "$(TARGET_NAME)";
				TEST_HOST = "$(BUILT_PRODUCTS_DIR)/DemocraticJukebox.app/DemocraticJukebox";
			};
			name = Debug;
		};
		D24879FC1B18B74C008BB8E3 /* Release */ = {
			isa = XCBuildConfiguration;
			buildSettings = {
				BUNDLE_LOADER = "$(TEST_HOST)";
				FRAMEWORK_SEARCH_PATHS = (
					"$(SDKROOT)/Developer/Library/Frameworks",
					"$(inherited)",
				);
				INFOPLIST_FILE = DemocraticJukeboxTests/Info.plist;
				LD_RUNPATH_SEARCH_PATHS = "$(inherited) @executable_path/Frameworks @loader_path/Frameworks";
				PRODUCT_NAME = "$(TARGET_NAME)";
				TEST_HOST = "$(BUILT_PRODUCTS_DIR)/DemocraticJukebox.app/DemocraticJukebox";
			};
			name = Release;
		};
/* End XCBuildConfiguration section */

/* Begin XCConfigurationList section */
		D24879D11B18B74B008BB8E3 /* Build configuration list for PBXProject "DemocraticJukebox" */ = {
			isa = XCConfigurationList;
			buildConfigurations = (
				D24879F51B18B74C008BB8E3 /* Debug */,
				D24879F61B18B74C008BB8E3 /* Release */,
			);
			defaultConfigurationIsVisible = 0;
			defaultConfigurationName = Release;
		};
		D24879F71B18B74C008BB8E3 /* Build configuration list for PBXNativeTarget "DemocraticJukebox" */ = {
			isa = XCConfigurationList;
			buildConfigurations = (
				D24879F81B18B74C008BB8E3 /* Debug */,
				D24879F91B18B74C008BB8E3 /* Release */,
			);
			defaultConfigurationIsVisible = 0;
			defaultConfigurationName = Release;
		};
		D24879FA1B18B74C008BB8E3 /* Build configuration list for PBXNativeTarget "DemocraticJukeboxTests" */ = {
			isa = XCConfigurationList;
			buildConfigurations = (
				D24879FB1B18B74C008BB8E3 /* Debug */,
				D24879FC1B18B74C008BB8E3 /* Release */,
			);
			defaultConfigurationIsVisible = 0;
			defaultConfigurationName = Release;
		};
/* End XCConfigurationList section */
	};
	rootObject = D24879CE1B18B74B008BB8E3 /* Project object */;
}
